
Microsoft Visual Studio Solution File, Format Version 12.00
# Visual Studio Version 17
VisualStudioVersion = 17.2.32526.322
MinimumVisualStudioVersion = 10.0.40219.1
Project("{FAE04EC0-301F-11D3-BF4B-00C04F79EFBC}") = "Core", "Core\Core.csproj", "{C8E9403C-CE24-4F93-8A49-A8CA67DB7295}"
EndProject
Project("{FAE04EC0-301F-11D3-BF4B-00C04F79EFBC}") = "DataAccess", "DataAccess\DataAccess.csproj", "{032AC7D4-8AF8-4456-B866-828A0FD99875}"
EndProject
Project("{FAE04EC0-301F-11D3-BF4B-00C04F79EFBC}") = "Business", "Business\Business.csproj", "{10C3BEDB-4C76-4671-B544-185D0DC83FDB}"
EndProject
Project("{FAE04EC0-301F-11D3-BF4B-00C04F79EFBC}") = "Presentation", "Presentation\Presentation.csproj", "{518E2DCD-F0CD-4D1C-8D8D-D755F2F491C1}"
EndProject
Global
	GlobalSection(SolutionConfigurationPlatforms) = preSolution
		Debug|Any CPU = Debug|Any CPU
		Release|Any CPU = Release|Any CPU
	EndGlobalSection
	GlobalSection(ProjectConfigurationPlatforms) = postSolution
		{C8E9403C-CE24-4F93-8A49-A8CA67DB7295}.Debug|Any CPU.ActiveCfg = Debug|Any CPU
		{C8E9403C-CE24-4F93-8A49-A8CA67DB7295}.Debug|Any CPU.Build.0 = Debug|Any CPU
		{C8E9403C-CE24-4F93-8A49-A8CA67DB7295}.Release|Any CPU.ActiveCfg = Release|Any CPU
		{C8E9403C-CE24-4F93-8A49-A8CA67DB7295}.Release|Any CPU.Build.0 = Release|Any CPU
		{032AC7D4-8AF8-4456-B866-828A0FD99875}.Debug|Any CPU.ActiveCfg = Debug|Any CPU
		{032AC7D4-8AF8-4456-B866-828A0FD99875}.Debug|Any CPU.Build.0 = Debug|Any CPU
		{032AC7D4-8AF8-4456-B866-828A0FD99875}.Release|Any CPU.ActiveCfg = Release|Any CPU
		{032AC7D4-8AF8-4456-B866-828A0FD99875}.Release|Any CPU.Build.0 = Release|Any CPU
		{10C3BEDB-4C76-4671-B544-185D0DC83FDB}.Debug|Any CPU.ActiveCfg = Debug|Any CPU
		{10C3BEDB-4C76-4671-B544-185D0DC83FDB}.Debug|Any CPU.Build.0 = Debug|Any CPU
		{10C3BEDB-4C76-4671-B544-185D0DC83FDB}.Release|Any CPU.ActiveCfg = Release|Any CPU
		{10C3BEDB-4C76-4671-B544-185D0DC83FDB}.Release|Any CPU.Build.0 = Release|Any CPU
		{518E2DCD-F0CD-4D1C-8D8D-D755F2F491C1}.Debug|Any CPU.ActiveCfg = Debug|Any CPU
		{518E2DCD-F0CD-4D1C-8D8D-D755F2F491C1}.Debug|Any CPU.Build.0 = Debug|Any CPU
		{518E2DCD-F0CD-4D1C-8D8D-D755F2F491C1}.Release|Any CPU.ActiveCfg = Release|Any CPU
		{518E2DCD-F0CD-4D1C-8D8D-D755F2F491C1}.Release|Any CPU.Build.0 = Release|Any CPU
	EndGlobalSection
	GlobalSection(SolutionProperties) = preSolution
		HideSolutionNode = FALSE
	EndGlobalSection
	GlobalSection(ExtensibilityGlobals) = postSolution
		SolutionGuid = {A5E67427-8C16-4042-B2B1-CB0E9A938997}
	EndGlobalSection
EndGlobal
